
Microsoft Visual Studio Solution File, Format Version 12.00
# Visual Studio Version 17
VisualStudioVersion = 17.11.35327.3
MinimumVisualStudioVersion = 10.0.40219.1
Project("{FAE04EC0-301F-11D3-BF4B-00C04F79EFBC}") = "LPCVMVC", "LPCVMVC.csproj", "{343A58D0-3DD7-4AFF-8F9E-0C0B13C39279}"
EndProject
Global
	GlobalSection(SolutionConfigurationPlatforms) = preSolution
		Debug|Any CPU = Debug|Any CPU
		Release|Any CPU = Release|Any CPU
	EndGlobalSection
	GlobalSection(ProjectConfigurationPlatforms) = postSolution
		{343A58D0-3DD7-4AFF-8F9E-0C0B13C39279}.Debug|Any CPU.ActiveCfg = Debug|Any CPU
		{343A58D0-3DD7-4AFF-8F9E-0C0B13C39279}.Debug|Any CPU.Build.0 = Debug|Any CPU
		{343A58D0-3DD7-4AFF-8F9E-0C0B13C39279}.Release|Any CPU.ActiveCfg = Release|Any CPU
		{343A58D0-3DD7-4AFF-8F9E-0C0B13C39279}.Release|Any CPU.Build.0 = Release|Any CPU
	EndGlobalSection
	GlobalSection(SolutionProperties) = preSolution
		HideSolutionNode = FALSE
	EndGlobalSection
	GlobalSection(ExtensibilityGlobals) = postSolution
		SolutionGuid = {B1F5DDCD-A07C-437A-ADC0-AFA15AFBB30E}
	EndGlobalSection
EndGlobal
