
Microsoft Visual Studio Solution File, Format Version 12.00
# Visual Studio Version 17
VisualStudioVersion = 17.11.35327.3
MinimumVisualStudioVersion = 10.0.40219.1
Project("{FAE04EC0-301F-11D3-BF4B-00C04F79EFBC}") = "LatvijasPastsMVC", "LatvijasPastsMVC.csproj", "{82CD18FC-B712-4993-8F86-3D20A7A43484}"
EndProject
Global
	GlobalSection(SolutionConfigurationPlatforms) = preSolution
		Debug|Any CPU = Debug|Any CPU
		Release|Any CPU = Release|Any CPU
	EndGlobalSection
	GlobalSection(ProjectConfigurationPlatforms) = postSolution
		{82CD18FC-B712-4993-8F86-3D20A7A43484}.Debug|Any CPU.ActiveCfg = Debug|Any CPU
		{82CD18FC-B712-4993-8F86-3D20A7A43484}.Debug|Any CPU.Build.0 = Debug|Any CPU
		{82CD18FC-B712-4993-8F86-3D20A7A43484}.Release|Any CPU.ActiveCfg = Release|Any CPU
		{82CD18FC-B712-4993-8F86-3D20A7A43484}.Release|Any CPU.Build.0 = Release|Any CPU
	EndGlobalSection
	GlobalSection(SolutionProperties) = preSolution
		HideSolutionNode = FALSE
	EndGlobalSection
	GlobalSection(ExtensibilityGlobals) = postSolution
		SolutionGuid = {69DF4E98-8CF6-465E-81D7-CD1F49DB48C5}
	EndGlobalSection
EndGlobal
